
Microsoft Visual Studio Solution File, Format Version 12.00
# Visual Studio Version 17
VisualStudioVersion = 17.1.32421.90
MinimumVisualStudioVersion = 10.0.40219.1
Project("{FAE04EC0-301F-11D3-BF4B-00C04F79EFBC}") = "CinemaKata", "CinemaKata\CinemaKata.csproj", "{7498926A-4594-4810-873D-D028BEBD9345}"
EndProject
Project("{FAE04EC0-301F-11D3-BF4B-00C04F79EFBC}") = "CinemaKata.Test", "CinemaKata.Test\CinemaKata.Test.csproj", "{E96A796E-03D6-4FC5-AAFC-1FAEC2131FA9}"
EndProject
Global
	GlobalSection(SolutionConfigurationPlatforms) = preSolution
		Debug|Any CPU = Debug|Any CPU
		Release|Any CPU = Release|Any CPU
	EndGlobalSection
	GlobalSection(ProjectConfigurationPlatforms) = postSolution
		{7498926A-4594-4810-873D-D028BEBD9345}.Debug|Any CPU.ActiveCfg = Debug|Any CPU
		{7498926A-4594-4810-873D-D028BEBD9345}.Debug|Any CPU.Build.0 = Debug|Any CPU
		{7498926A-4594-4810-873D-D028BEBD9345}.Release|Any CPU.ActiveCfg = Release|Any CPU
		{7498926A-4594-4810-873D-D028BEBD9345}.Release|Any CPU.Build.0 = Release|Any CPU
		{E96A796E-03D6-4FC5-AAFC-1FAEC2131FA9}.Debug|Any CPU.ActiveCfg = Debug|Any CPU
		{E96A796E-03D6-4FC5-AAFC-1FAEC2131FA9}.Debug|Any CPU.Build.0 = Debug|Any CPU
		{E96A796E-03D6-4FC5-AAFC-1FAEC2131FA9}.Release|Any CPU.ActiveCfg = Release|Any CPU
		{E96A796E-03D6-4FC5-AAFC-1FAEC2131FA9}.Release|Any CPU.Build.0 = Release|Any CPU
	EndGlobalSection
	GlobalSection(SolutionProperties) = preSolution
		HideSolutionNode = FALSE
	EndGlobalSection
	GlobalSection(ExtensibilityGlobals) = postSolution
		SolutionGuid = {451DD93C-0CDD-48E6-9CCB-17BE8C2259C7}
	EndGlobalSection
EndGlobal
